
Microsoft Visual Studio Solution File, Format Version 12.00
# Visual Studio 15
VisualStudioVersion = 15.0.28307.1622
MinimumVisualStudioVersion = 10.0.40219.1
Project("{8BC9CEB8-8B4A-11D0-8D11-00A0C91BC942}") = "MiHome", "MiHome\MiHome.vcxproj", "{54F517CE-AC51-4C02-A3AC-737D5A96EBEC}"
EndProject
Project("{8BC9CEB8-8B4A-11D0-8D11-00A0C91BC942}") = "ThreadPool", "ThreadPool\ThreadPool.vcxproj", "{0BF31C60-7493-4C67-BA67-C6636679BE33}"
EndProject
Global
	GlobalSection(SolutionConfigurationPlatforms) = preSolution
		Debug|x64 = Debug|x64
		Debug|x86 = Debug|x86
		Release|x64 = Release|x64
		Release|x86 = Release|x86
	EndGlobalSection
	GlobalSection(ProjectConfigurationPlatforms) = postSolution
		{54F517CE-AC51-4C02-A3AC-737D5A96EBEC}.Debug|x64.ActiveCfg = Debug|x64
		{54F517CE-AC51-4C02-A3AC-737D5A96EBEC}.Debug|x64.Build.0 = Debug|x64
		{54F517CE-AC51-4C02-A3AC-737D5A96EBEC}.Debug|x86.ActiveCfg = Debug|Win32
		{54F517CE-AC51-4C02-A3AC-737D5A96EBEC}.Debug|x86.Build.0 = Debug|Win32
		{54F517CE-AC51-4C02-A3AC-737D5A96EBEC}.Release|x64.ActiveCfg = Release|x64
		{54F517CE-AC51-4C02-A3AC-737D5A96EBEC}.Release|x64.Build.0 = Release|x64
		{54F517CE-AC51-4C02-A3AC-737D5A96EBEC}.Release|x86.ActiveCfg = Release|Win32
		{54F517CE-AC51-4C02-A3AC-737D5A96EBEC}.Release|x86.Build.0 = Release|Win32
		{0BF31C60-7493-4C67-BA67-C6636679BE33}.Debug|x64.ActiveCfg = Debug|x64
		{0BF31C60-7493-4C67-BA67-C6636679BE33}.Debug|x64.Build.0 = Debug|x64
		{0BF31C60-7493-4C67-BA67-C6636679BE33}.Debug|x86.ActiveCfg = Debug|Win32
		{0BF31C60-7493-4C67-BA67-C6636679BE33}.Debug|x86.Build.0 = Debug|Win32
		{0BF31C60-7493-4C67-BA67-C6636679BE33}.Release|x64.ActiveCfg = Release|x64
		{0BF31C60-7493-4C67-BA67-C6636679BE33}.Release|x64.Build.0 = Release|x64
		{0BF31C60-7493-4C67-BA67-C6636679BE33}.Release|x86.ActiveCfg = Release|Win32
		{0BF31C60-7493-4C67-BA67-C6636679BE33}.Release|x86.Build.0 = Release|Win32
	EndGlobalSection
	GlobalSection(SolutionProperties) = preSolution
		HideSolutionNode = FALSE
	EndGlobalSection
	GlobalSection(ExtensibilityGlobals) = postSolution
		SolutionGuid = {95467BBF-9C69-436A-8225-1ED6FEBA6FBB}
	EndGlobalSection
EndGlobal
